
Microsoft Visual Studio Solution File, Format Version 12.00
# Visual Studio Version 16
VisualStudioVersion = 16.0.31205.134
MinimumVisualStudioVersion = 10.0.40219.1
Project("{8BC9CEB8-8B4A-11D0-8D11-00A0C91BC942}") = "FreeTest", "FreeTest\FreeTest.vcxproj", "{72A75129-7BBF-46E9-BFBA-76C4662194E1}"
EndProject
Project("{8BC9CEB8-8B4A-11D0-8D11-00A0C91BC942}") = "CMSim", "CMSim\CMSim.vcxproj", "{1CF787F7-A0F5-4D7E-98C3-869FA82AB706}"
EndProject
Global
	GlobalSection(SolutionConfigurationPlatforms) = preSolution
		Debug|x64 = Debug|x64
		Release|x64 = Release|x64
	EndGlobalSection
	GlobalSection(ProjectConfigurationPlatforms) = postSolution
		{1CF787F7-A0F5-4D7E-98C3-869FA82AB706}.Debug|x64.ActiveCfg = Debug|x64
		{1CF787F7-A0F5-4D7E-98C3-869FA82AB706}.Debug|x64.Build.0 = Debug|x64
		{1CF787F7-A0F5-4D7E-98C3-869FA82AB706}.Release|x64.ActiveCfg = Release|x64
		{1CF787F7-A0F5-4D7E-98C3-869FA82AB706}.Release|x64.Build.0 = Release|x64
		{72A75129-7BBF-46E9-BFBA-76C4662194E1}.Debug|x64.ActiveCfg = Debug|x64
		{72A75129-7BBF-46E9-BFBA-76C4662194E1}.Debug|x64.Build.0 = Debug|x64
		{72A75129-7BBF-46E9-BFBA-76C4662194E1}.Release|x64.ActiveCfg = Release|x64
		{72A75129-7BBF-46E9-BFBA-76C4662194E1}.Release|x64.Build.0 = Release|x64
	EndGlobalSection
	GlobalSection(SolutionProperties) = preSolution
		HideSolutionNode = FALSE
	EndGlobalSection
	GlobalSection(ExtensibilityGlobals) = postSolution
		SolutionGuid = {C8EFDF1E-2BC6-4410-B156-AA3DB2DFED35}
	EndGlobalSection
EndGlobal
