<?xml version="1.0" encoding="utf-8"?>
<Project ToolsVersion="4.0" xmlns="http://schemas.microsoft.com/developer/msbuild/2003">
  <ItemGroup>
    <Filter Include="CMSim">
      <UniqueIdentifier>{1E12E70C-8A26-0FBE-53A8-B21DBF7B0BEF}</UniqueIdentifier>
    </Filter>
    <Filter Include="CMSim\Events">
      <UniqueIdentifier>{42702BBF-2ED3-BA63-D758-F319C39A86E6}</UniqueIdentifier>
    </Filter>
    <Filter Include="Platform">
      <UniqueIdentifier>{2AC788B4-1694-E3BF-3FAD-D1672BD9184E}</UniqueIdentifier>
    </Filter>
    <Filter Include="Platform\Windows">
      <UniqueIdentifier>{64FBD71A-50F4-F66C-7926-DCF1657ED678}</UniqueIdentifier>
    </Filter>
  </ItemGroup>
  <ItemGroup>
    <ClInclude Include="src\CMSim.h" />
    <ClInclude Include="src\CMSim\Application.h">
      <Filter>CMSim</Filter>
    </ClInclude>
    <ClInclude Include="src\CMSim\Core.h">
      <Filter>CMSim</Filter>
    </ClInclude>
    <ClInclude Include="src\CMSim\EntryPoint.h">
      <Filter>CMSim</Filter>
    </ClInclude>
    <ClInclude Include="src\CMSim\Events\ApplicationEvent.h">
      <Filter>CMSim\Events</Filter>
    </ClInclude>
    <ClInclude Include="src\CMSim\Events\Event.h">
      <Filter>CMSim\Events</Filter>
    </ClInclude>
    <ClInclude Include="src\CMSim\Events\KeyEvent.h">
      <Filter>CMSim\Events</Filter>
    </ClInclude>
    <ClInclude Include="src\CMSim\Events\MouseEvent.h">
      <Filter>CMSim\Events</Filter>
    </ClInclude>
    <ClInclude Include="src\CMSim\KeyCodes.h">
      <Filter>CMSim</Filter>
    </ClInclude>
    <ClInclude Include="src\CMSim\Log.h">
      <Filter>CMSim</Filter>
    </ClInclude>
    <ClInclude Include="src\CMSim\MouseCodes.h">
      <Filter>CMSim</Filter>
    </ClInclude>
    <ClInclude Include="src\CMSim\Window.h">
      <Filter>CMSim</Filter>
    </ClInclude>
    <ClInclude Include="src\Platform\Windows\WindowsWindow.h">
      <Filter>Platform\Windows</Filter>
    </ClInclude>
    <ClInclude Include="src\cmspch.h" />
  </ItemGroup>
  <ItemGroup>
    <ClCompile Include="src\CMSim\Application.cpp">
      <Filter>CMSim</Filter>
    </ClCompile>
    <ClCompile Include="src\CMSim\Log.cpp">
      <Filter>CMSim</Filter>
    </ClCompile>
    <ClCompile Include="src\Platform\Windows\WindowsWindow.cpp">
      <Filter>Platform\Windows</Filter>
    </ClCompile>
    <ClCompile Include="src\cmspch.cpp" />
  </ItemGroup>
</Project>