<?xml version="1.0" encoding="utf-8"?>
<Project ToolsVersion="4.0" xmlns="http://schemas.microsoft.com/developer/msbuild/2003">
  <ItemGroup>
    <Filter Include="CMSim">
      <UniqueIdentifier>{1E12E70C-8A26-0FBE-53A8-B21DBF7B0BEF}</UniqueIdentifier>
    </Filter>
  </ItemGroup>
  <ItemGroup>
    <ClInclude Include="src\CMSim.h" />
    <ClInclude Include="src\CMSim\Application.h">
      <Filter>CMSim</Filter>
    </ClInclude>
    <ClInclude Include="src\CMSim\Core.h">
      <Filter>CMSim</Filter>
    </ClInclude>
    <ClInclude Include="src\CMSim\EntryPoint.h">
      <Filter>CMSim</Filter>
    </ClInclude>
    <ClInclude Include="src\CMSim\Log.h">
      <Filter>CMSim</Filter>
    </ClInclude>
    <ClInclude Include="src\CMSim\Events\Event.h" />
    <ClInclude Include="src\CMSim\Events\ApplicationEvent.h" />
    <ClInclude Include="src\CMSim\Events\KeyEvent.h" />
    <ClInclude Include="src\CMSim\KeyCodes.h" />
    <ClInclude Include="src\CMSim\Events\MouseEvent.h" />
    <ClInclude Include="src\CMSim\MouseCodes.h" />
  </ItemGroup>
  <ItemGroup>
    <ClCompile Include="src\CMSim\Application.cpp">
      <Filter>CMSim</Filter>
    </ClCompile>
    <ClCompile Include="src\CMSim\Log.cpp">
      <Filter>CMSim</Filter>
    </ClCompile>
  </ItemGroup>
</Project>